
Microsoft Visual Studio Solution File, Format Version 12.00
# Visual Studio 14
VisualStudioVersion = 14.0.25420.1
MinimumVisualStudioVersion = 10.0.40219.1
Project("{FAE04EC0-301F-11D3-BF4B-00C04F79EFBC}") = "Task 1- Messages", "Task 1- Messages\Task 1- Messages.csproj", "{E8E611BD-9390-4275-A5AC-B2EE51E640FB}"
EndProject
Project("{FAE04EC0-301F-11D3-BF4B-00C04F79EFBC}") = "Task 3- Bit Shift Matrix", "Task 3- Bit Shift Matrix\Task 3- Bit Shift Matrix.csproj", "{8BDD7D43-50A9-4D1E-A3D3-3D336D80D83D}"
EndProject
Global
	GlobalSection(SolutionConfigurationPlatforms) = preSolution
		Debug|Any CPU = Debug|Any CPU
		Release|Any CPU = Release|Any CPU
	EndGlobalSection
	GlobalSection(ProjectConfigurationPlatforms) = postSolution
		{E8E611BD-9390-4275-A5AC-B2EE51E640FB}.Debug|Any CPU.ActiveCfg = Debug|Any CPU
		{E8E611BD-9390-4275-A5AC-B2EE51E640FB}.Debug|Any CPU.Build.0 = Debug|Any CPU
		{E8E611BD-9390-4275-A5AC-B2EE51E640FB}.Release|Any CPU.ActiveCfg = Release|Any CPU
		{E8E611BD-9390-4275-A5AC-B2EE51E640FB}.Release|Any CPU.Build.0 = Release|Any CPU
		{8BDD7D43-50A9-4D1E-A3D3-3D336D80D83D}.Debug|Any CPU.ActiveCfg = Debug|Any CPU
		{8BDD7D43-50A9-4D1E-A3D3-3D336D80D83D}.Debug|Any CPU.Build.0 = Debug|Any CPU
		{8BDD7D43-50A9-4D1E-A3D3-3D336D80D83D}.Release|Any CPU.ActiveCfg = Release|Any CPU
		{8BDD7D43-50A9-4D1E-A3D3-3D336D80D83D}.Release|Any CPU.Build.0 = Release|Any CPU
	EndGlobalSection
	GlobalSection(SolutionProperties) = preSolution
		HideSolutionNode = FALSE
	EndGlobalSection
EndGlobal
